
Microsoft Visual Studio Solution File, Format Version 12.00
# Visual Studio 15
VisualStudioVersion = 15.0.28307.421
MinimumVisualStudioVersion = 10.0.40219.1
Project("{FAE04EC0-301F-11D3-BF4B-00C04F79EFBC}") = "School", "School\School.csproj", "{DD754A87-3207-40A2-9EE6-9EE2E4850192}"
EndProject
Project("{FAE04EC0-301F-11D3-BF4B-00C04F79EFBC}") = "SchoolTests", "SchoolTests\SchoolTests.csproj", "{824ADFB2-36C1-4EFD-A3B7-E080B327E096}"
EndProject
Global
	GlobalSection(SolutionConfigurationPlatforms) = preSolution
		Debug|Any CPU = Debug|Any CPU
		Release|Any CPU = Release|Any CPU
	EndGlobalSection
	GlobalSection(ProjectConfigurationPlatforms) = postSolution
		{DD754A87-3207-40A2-9EE6-9EE2E4850192}.Debug|Any CPU.ActiveCfg = Debug|Any CPU
		{DD754A87-3207-40A2-9EE6-9EE2E4850192}.Debug|Any CPU.Build.0 = Debug|Any CPU
		{DD754A87-3207-40A2-9EE6-9EE2E4850192}.Release|Any CPU.ActiveCfg = Release|Any CPU
		{DD754A87-3207-40A2-9EE6-9EE2E4850192}.Release|Any CPU.Build.0 = Release|Any CPU
		{824ADFB2-36C1-4EFD-A3B7-E080B327E096}.Debug|Any CPU.ActiveCfg = Debug|Any CPU
		{824ADFB2-36C1-4EFD-A3B7-E080B327E096}.Debug|Any CPU.Build.0 = Debug|Any CPU
		{824ADFB2-36C1-4EFD-A3B7-E080B327E096}.Release|Any CPU.ActiveCfg = Release|Any CPU
		{824ADFB2-36C1-4EFD-A3B7-E080B327E096}.Release|Any CPU.Build.0 = Release|Any CPU
	EndGlobalSection
	GlobalSection(SolutionProperties) = preSolution
		HideSolutionNode = FALSE
	EndGlobalSection
	GlobalSection(ExtensibilityGlobals) = postSolution
		SolutionGuid = {5AFE874B-EC56-4D45-BF17-91767B103A0B}
	EndGlobalSection
EndGlobal
